NeoBundleLock ctrlp.vim 0404e56e674830de7a487af589a28c68b39cac90
NeoBundleLock neobundle.vim 30c40ccbfc6371fb922eece6e0657eb5da9e479b
NeoBundleLock neocomplete.vim 71800331948b1bc3c3d79dbbf203a274cd5b6f56
NeoBundleLock neosnippet-snippets 17219351bcbec3708295c72c8280471eed12b8fe
NeoBundleLock neosnippet.vim aa37cd0fbe97d3b43fc37b5d23ded5bec1163686
NeoBundleLock vim-colorschemes 189f5182bb70fd35d0f56fee451c3f22a2a80135
NeoBundleLock vim-fugitive 50cc268d29c65738dab9eda8354d9387f1628519
NeoBundleLock vim-latex c7aa5fa063071d433a9fa2d165951b33f3f0c90b
NeoBundleLock vimshell 3787e52766812d8b99a93ccdda57517bc2a0bab6
